dependencies:
- name: nfs-server-provisioner
  repository: https://kubernetes-charts.storage.googleapis.com/
  version: 1.1.1
- name: galaxy-cvmfs-csi
  repository: https://raw.githubusercontent.com/cloudve/helm-charts/anvil/
  version: 1.3.2
- name: galaxy
  repository: https://raw.githubusercontent.com/cloudve/helm-charts/anvil/
  version: 3.4.1
digest: sha256:0273a4621f550db05e03bc8f2b66ae769cee22586953c495711a24d88e581d06
generated: "2020-06-26T02:25:44.308992-04:00"
