dependencies:
- name: nfs-server-provisioner
  repository: https://raw.githubusercontent.com/cloudve/helm-charts/anvil/
  version: 1.1.2
- name: galaxy-cvmfs-csi
  repository: https://raw.githubusercontent.com/cloudve/helm-charts/master/
  version: 1.6.0
- name: galaxy
  repository: https://raw.githubusercontent.com/cloudve/helm-charts/anvil/
  version: 4.0.0
digest: sha256:886f95855a0718d29021206e1bd67c036075b5412cfd11dccca52575c285a45b
generated: "2021-04-21T17:28:58.460107-04:00"
